GEM
  remote: https://rubygems.org/
  specs:
    base64 (0.3.0)
    mustermann (3.0.4)
      ruby2_keywords (~> 0.0.1)
    rack (2.2.22)
    rack-protection (3.2.0)
      base64 (>= 0.1.0)
      rack (~> 2.2, >= 2.2.4)
    rackup (0.1.0)
      rack
      webrick
    ruby2_keywords (0.0.5)
    sinatra (3.2.0)
      mustermann (~> 3.0)
      rack (~> 2.2, >= 2.2.4)
      rack-protection (= 3.2.0)
      tilt (~> 2.0)
    tilt (2.7.0)
    webrick (1.7.0)

PLATFORMS
  ruby

DEPENDENCIES
  rackup
  sinatra (~> 3.0)
  webrick

RUBY VERSION
   ruby 3.2.2p53

BUNDLED WITH
   2.4.10
